
Microsoft Visual Studio Solution File, Format Version 12.00
# Visual Studio Version 17
VisualStudioVersion = 17.11.35303.130
MinimumVisualStudioVersion = 10.0.40219.1
Project("{FAE04EC0-301F-11D3-BF4B-00C04F79EFBC}") = "Lab_5-7_Glebov_24VP1", "Lab_5-7_Glebov_24VP1\Lab_5-7_Glebov_24VP1.csproj", "{B462BCB8-8D2A-400B-BB7E-A63588B82385}"
EndProject
Global
	GlobalSection(SolutionConfigurationPlatforms) = preSolution
		Debug|Any CPU = Debug|Any CPU
		Release|Any CPU = Release|Any CPU
	EndGlobalSection
	GlobalSection(ProjectConfigurationPlatforms) = postSolution
		{B462BCB8-8D2A-400B-BB7E-A63588B82385}.Debug|Any CPU.ActiveCfg = Debug|Any CPU
		{B462BCB8-8D2A-400B-BB7E-A63588B82385}.Debug|Any CPU.Build.0 = Debug|Any CPU
		{B462BCB8-8D2A-400B-BB7E-A63588B82385}.Release|Any CPU.ActiveCfg = Release|Any CPU
		{B462BCB8-8D2A-400B-BB7E-A63588B82385}.Release|Any CPU.Build.0 = Release|Any CPU
	EndGlobalSection
	GlobalSection(SolutionProperties) = preSolution
		HideSolutionNode = FALSE
	EndGlobalSection
	GlobalSection(ExtensibilityGlobals) = postSolution
		SolutionGuid = {77FDD1F7-A8FB-46F6-9F37-137ED0D75E63}
	EndGlobalSection
EndGlobal
